Microsoft Visual Studio Solution File, Format Version 11.00
# Visual Studio 2008

Project("{0D717028-FE0A-D8DB-30B5-B026C92C69C9}") = "MadRunner", "Assembly-CSharp.csproj", "{95358BD0-DC48-D789-96E2-4B706CAA708B}"
EndProject
Global
	GlobalSection(SolutionConfigurationPlatforms) = preSolution
		Debug|Any CPU = Debug|Any CPU
		Release|Any CPU = Release|Any CPU
	EndGlobalSection
	GlobalSection(ProjectConfigurationPlatforms) = postSolution
		{95358BD0-DC48-D789-96E2-4B706CAA708B}.Debug|Any CPU.ActiveCfg = Debug|Any CPU
		{95358BD0-DC48-D789-96E2-4B706CAA708B}.Debug|Any CPU.Build.0 = Debug|Any CPU
		{95358BD0-DC48-D789-96E2-4B706CAA708B}.Release|Any CPU.ActiveCfg = Release|Any CPU
		{95358BD0-DC48-D789-96E2-4B706CAA708B}.Release|Any CPU.Build.0 = Release|Any CPU
	EndGlobalSection
	GlobalSection(SolutionProperties) = preSolution
		HideSolutionNode = FALSE
	EndGlobalSection
	GlobalSection(MonoDevelopProperties) = preSolution
		StartupItem = Assembly-CSharp.csproj
	EndGlobalSection
EndGlobal
